
Microsoft Visual Studio Solution File, Format Version 12.00
# Visual Studio 15
VisualStudioVersion = 15.0.27703.2047
MinimumVisualStudioVersion = 10.0.40219.1
Project("{FAE04EC0-301F-11D3-BF4B-00C04F79EFBC}") = "AspNetVS2017.Capitulo1.Variaveis", "AspNetVS2017.Capitulo1.Variaveis\AspNetVS2017.Capitulo1.Variaveis.csproj", "{016885DA-4B20-4D6E-A3C9-4E98EC1C91DC}"
EndProject
Project("{FAE04EC0-301F-11D3-BF4B-00C04F79EFBC}") = "AspNetVS2017.Capitulo1.Troco", "AspNetVS2017.Capitulo1.Troco\AspNetVS2017.Capitulo1.Troco.csproj", "{9FE7F8EC-27F2-4D96-9A49-B6F40ABB74AB}"
EndProject
Project("{FAE04EC0-301F-11D3-BF4B-00C04F79EFBC}") = "AspNetVS2017.Capitulo01.Frete", "AspNetVS2017.Capitulo01.Frete\AspNetVS2017.Capitulo01.Frete.csproj", "{EE7E4953-6E51-46AD-A290-3EA868E7D9DB}"
EndProject
Global
	GlobalSection(SolutionConfigurationPlatforms) = preSolution
		Debug|Any CPU = Debug|Any CPU
		Release|Any CPU = Release|Any CPU
	EndGlobalSection
	GlobalSection(ProjectConfigurationPlatforms) = postSolution
		{016885DA-4B20-4D6E-A3C9-4E98EC1C91DC}.Debug|Any CPU.ActiveCfg = Debug|Any CPU
		{016885DA-4B20-4D6E-A3C9-4E98EC1C91DC}.Debug|Any CPU.Build.0 = Debug|Any CPU
		{016885DA-4B20-4D6E-A3C9-4E98EC1C91DC}.Release|Any CPU.ActiveCfg = Release|Any CPU
		{016885DA-4B20-4D6E-A3C9-4E98EC1C91DC}.Release|Any CPU.Build.0 = Release|Any CPU
		{9FE7F8EC-27F2-4D96-9A49-B6F40ABB74AB}.Debug|Any CPU.ActiveCfg = Debug|Any CPU
		{9FE7F8EC-27F2-4D96-9A49-B6F40ABB74AB}.Debug|Any CPU.Build.0 = Debug|Any CPU
		{9FE7F8EC-27F2-4D96-9A49-B6F40ABB74AB}.Release|Any CPU.ActiveCfg = Release|Any CPU
		{9FE7F8EC-27F2-4D96-9A49-B6F40ABB74AB}.Release|Any CPU.Build.0 = Release|Any CPU
		{EE7E4953-6E51-46AD-A290-3EA868E7D9DB}.Debug|Any CPU.ActiveCfg = Debug|Any CPU
		{EE7E4953-6E51-46AD-A290-3EA868E7D9DB}.Debug|Any CPU.Build.0 = Debug|Any CPU
		{EE7E4953-6E51-46AD-A290-3EA868E7D9DB}.Release|Any CPU.ActiveCfg = Release|Any CPU
		{EE7E4953-6E51-46AD-A290-3EA868E7D9DB}.Release|Any CPU.Build.0 = Release|Any CPU
	EndGlobalSection
	GlobalSection(SolutionProperties) = preSolution
		HideSolutionNode = FALSE
	EndGlobalSection
	GlobalSection(ExtensibilityGlobals) = postSolution
		SolutionGuid = {82120278-E5F3-4270-86C8-DA7443EF5B09}
	EndGlobalSection
EndGlobal
