
Microsoft Visual Studio Solution File, Format Version 12.00
# Visual Studio 15
VisualStudioVersion = 15.0.27703.2047
MinimumVisualStudioVersion = 10.0.40219.1
Project("{FAE04EC0-301F-11D3-BF4B-00C04F79EFBC}") = "AspNetVS2017.Capitulo01.Variaveis", "AspNetVS2017.Capitulo01.Variaveis\AspNetVS2017.Capitulo01.Variaveis.csproj", "{80AB29E4-F102-40AD-BFB3-0EFFB062538A}"
EndProject
Project("{FAE04EC0-301F-11D3-BF4B-00C04F79EFBC}") = "AspNetVS2017.Capitulo01.Troco", "AspNetVS2017.Capitulo01.Troco\AspNetVS2017.Capitulo01.Troco.csproj", "{59753BA0-2768-4BA8-8598-D790E54FCD69}"
EndProject
Project("{FAE04EC0-301F-11D3-BF4B-00C04F79EFBC}") = "AspNetVS2017.Capitulo01.Frete", "AspNetVS2017.Capitulo01.Frete\AspNetVS2017.Capitulo01.Frete.csproj", "{81CAD438-34DD-47CE-A5A7-375AEACA115A}"
EndProject
Project("{FAE04EC0-301F-11D3-BF4B-00C04F79EFBC}") = "AspNetVS2017.Capitulo01.Repeticao.Testes", "AspNetVS2017.Capitulo01.Repeticao.Testes\AspNetVS2017.Capitulo01.Repeticao.Testes.csproj", "{BD7946D5-6718-42AD-B7A2-35CBC43C3365}"
EndProject
Project("{FAE04EC0-301F-11D3-BF4B-00C04F79EFBC}") = "AspNetVS2017.Capitulo01.VetoresColecoes.Testes", "AspNetVS2017.Capitulo01.VetoresColecoes.Testes\AspNetVS2017.Capitulo01.VetoresColecoes.Testes.csproj", "{FE3C88BE-E2A7-46D9-9075-2B817A82CF5E}"
EndProject
Project("{2150E333-8FDC-42A3-9474-1A3956D46DE8}") = "Oficina", "Oficina", "{D7DA3A68-EDD4-4E1D-8945-F6A73A9E729A}"
EndProject
Project("{FAE04EC0-301F-11D3-BF4B-00C04F79EFBC}") = "Oficina.Dominio", "Oficina.Dominio\Oficina.Dominio.csproj", "{2B1EB55B-B9DF-4048-9CC4-63EC0C4BA16A}"
EndProject
Project("{FAE04EC0-301F-11D3-BF4B-00C04F79EFBC}") = "Oficina.Repositorios.SistemaArquivos", "Oficina.Repositorios.SistemaArquivos\Oficina.Repositorios.SistemaArquivos.csproj", "{D8F1AB24-2F07-493A-8945-43BBB5D15FF6}"
EndProject
Project("{FAE04EC0-301F-11D3-BF4B-00C04F79EFBC}") = "Oficina.Repositorios.SistemaArquivosTests", "Oficina.Repositorios.SistemaArquivosTests\Oficina.Repositorios.SistemaArquivosTests.csproj", "{67395DF0-6307-417B-8F93-229659C5431E}"
EndProject
Project("{FAE04EC0-301F-11D3-BF4B-00C04F79EFBC}") = "Oficina.WebPages", "Oficina.WebPages\Oficina.WebPages.csproj", "{3FC03D9F-6CFD-4B1B-8AB7-E9E747AF048B}"
EndProject
Project("{FAE04EC0-301F-11D3-BF4B-00C04F79EFBC}") = "AspNetVS2017.Capitulo03.Portfolio", "AspNetVS2017.Capitulo03.Portfolio\AspNetVS2017.Capitulo03.Portfolio.csproj", "{05976510-0B95-49FC-9FC3-F86ECFD3EC03}"
EndProject
Project("{2150E333-8FDC-42A3-9474-1A3956D46DE8}") = "Portfolio", "Portfolio", "{579B401D-6A84-477A-B85B-A9303304E874}"
EndProject
Project("{00D1A9C2-B5F0-4AF3-8072-F6C62B433612}") = "Portfolio.Database", "Portfolio.Database\Portfolio.Database.sqlproj", "{F885270A-1450-4A14-BC6D-ABA1CA15ECF7}"
EndProject
Project("{2150E333-8FDC-42A3-9474-1A3956D46DE8}") = "ViagensOnline", "ViagensOnline", "{B9302465-AEF1-48C8-9904-A1F117C1CF95}"
EndProject
Project("{FAE04EC0-301F-11D3-BF4B-00C04F79EFBC}") = "ViagensOnline.Dominio", "ViagensOnline.Dominio\ViagensOnline.Dominio.csproj", "{1F3FC372-A898-40CB-A8DC-37FD27D1F4EF}"
EndProject
Project("{FAE04EC0-301F-11D3-BF4B-00C04F79EFBC}") = "ViagensOnline.Ropositorios.SqlServer", "ViagensOnline.Ropositorios.SqlServer\ViagensOnline.Ropositorios.SqlServer.csproj", "{E1A4123C-EF39-40B7-9CE9-8B9FE7A57CFE}"
EndProject
Project("{FAE04EC0-301F-11D3-BF4B-00C04F79EFBC}") = "ViagensOnline.Ropositorios.SqlServerTests", "ViagensOnline.Ropositorios.SqlServerTests\ViagensOnline.Ropositorios.SqlServerTests.csproj", "{7E43E8B3-E8C4-43EA-80C0-6908EFE2A5A5}"
EndProject
Project("{FAE04EC0-301F-11D3-BF4B-00C04F79EFBC}") = "ViagensOnline.Mvc", "ViagensOnline.Mvc\ViagensOnline.Mvc.csproj", "{3414E885-27F6-4B88-8E59-821A397AFE84}"
EndProject
Project("{2150E333-8FDC-42A3-9474-1A3956D46DE8}") = "Pessoal", "Pessoal", "{13E2D5B0-3679-4178-B432-7A2B2E2F0582}"
EndProject
Project("{FAE04EC0-301F-11D3-BF4B-00C04F79EFBC}") = "Pessoal.Dominio", "Pessoal.Dominio\Pessoal.Dominio.csproj", "{142DF226-6CAB-4885-985D-7CB4BD823E41}"
EndProject
Project("{FAE04EC0-301F-11D3-BF4B-00C04F79EFBC}") = "Pessoal.Repositorio.SqlServer", "Pessoal.Repositorio.SqlServer\Pessoal.Repositorio.SqlServer.csproj", "{ACC874D6-30C9-447F-9740-23C2EA102B23}"
EndProject
Project("{FAE04EC0-301F-11D3-BF4B-00C04F79EFBC}") = "Pessoal.Repositorio.SqlServerTests", "Pessoal.Repositorio.SqlServerTests\Pessoal.Repositorio.SqlServerTests.csproj", "{DEB1FDB3-63BF-4D9C-8FFE-BD340AEA2B94}"
EndProject
Project("{00D1A9C2-B5F0-4AF3-8072-F6C62B433612}") = "Pessoal.Database", "Pessoal.Database\Pessoal.Database.sqlproj", "{74DA2D57-323C-4A27-AC9F-CDAB44D42404}"
EndProject
Project("{FAE04EC0-301F-11D3-BF4B-00C04F79EFBC}") = "Pessoal.WebForms", "Pessoal.WebForms\Pessoal.WebForms.csproj", "{2B639852-AC1D-41E6-BA5B-0C3D3DB76020}"
EndProject
Project("{FAE04EC0-301F-11D3-BF4B-00C04F79EFBC}") = "AspNetVS2017.Capitulo08.EF.ModelFirst", "AspNetVS2017.Capitulo08.EF.ModelFirst\AspNetVS2017.Capitulo08.EF.ModelFirst.csproj", "{249E7CAC-5A7B-423B-9553-F74CF471E5F4}"
EndProject
Project("{2150E333-8FDC-42A3-9474-1A3956D46DE8}") = "Northwind", "Northwind", "{8B09AEE9-08A4-4B0C-89BC-2B04FA005671}"
EndProject
Project("{FAE04EC0-301F-11D3-BF4B-00C04F79EFBC}") = "Northwind.Repositorios.SqlServer", "Northwind.Repositorios.SqlServer\Northwind.Repositorios.SqlServer.csproj", "{F09FE35F-531B-4874-8E80-BDCE61A2F766}"
EndProject
Project("{2150E333-8FDC-42A3-9474-1A3956D46DE8}") = "Loja", "Loja", "{2E52B06A-62F8-45B2-9990-1FB9F1EAF0E5}"
EndProject
Project("{FAE04EC0-301F-11D3-BF4B-00C04F79EFBC}") = "Loja.Dominio", "Loja.Dominio\Loja.Dominio.csproj", "{2A1B01C5-9028-41EB-81B1-626D60474FE8}"
EndProject
Project("{FAE04EC0-301F-11D3-BF4B-00C04F79EFBC}") = "Loja.Repositorio.SqlServer", "Loja.Repositorio.SqlServer\Loja.Repositorio.SqlServer.csproj", "{C3BE81A1-23D3-4BFA-95BE-9C9D9895F733}"
EndProject
Project("{FAE04EC0-301F-11D3-BF4B-00C04F79EFBC}") = "Loja.Repositorio.SqlServerTests", "Loja.Repositorio.SqlServerTests\Loja.Repositorio.SqlServerTests.csproj", "{791F5DE0-6C16-43AB-8855-50604CAFEF4C}"
EndProject
Project("{FAE04EC0-301F-11D3-BF4B-00C04F79EFBC}") = "Loja.Mvc", "Loja.Mvc\Loja.Mvc.csproj", "{CE5B22AF-B265-45C8-8AB4-478088ACC32A}"
EndProject
Project("{FAE04EC0-301F-11D3-BF4B-00C04F79EFBC}") = "Northwind.WebApi", "Northwind.WebApi\Northwind.WebApi.csproj", "{36C6B641-7B71-46A2-9951-4EDDDC699E29}"
EndProject
Project("{FAE04EC0-301F-11D3-BF4B-00C04F79EFBC}") = "Northwind.Html", "Northwind.Html\Northwind.Html.csproj", "{E48153E5-9B87-48D0-B4B9-985B1D6EB312}"
EndProject
Project("{FAE04EC0-301F-11D3-BF4B-00C04F79EFBC}") = "Northwind.Repositorios.WebApi", "Northwind.Repositorios.WebApi\Northwind.Repositorios.WebApi.csproj", "{67C70BDB-03FD-46D6-A684-CFB7A6E0C98C}"
EndProject
Project("{2150E333-8FDC-42A3-9474-1A3956D46DE8}") = "Backend", "Backend", "{537C932C-AFD9-49BE-A9D1-04D08168D5CD}"
EndProject
Project("{2150E333-8FDC-42A3-9474-1A3956D46DE8}") = "Frontend", "Frontend", "{DD6F9948-C5A0-42A7-BD56-009E82FCBCF2}"
EndProject
Project("{FAE04EC0-301F-11D3-BF4B-00C04F79EFBC}") = "Northwind.Repositorios.WebApiTests", "Northwind.Repositorios.WebApiTests\Northwind.Repositorios.WebApiTests.csproj", "{C1EF58BE-A175-4D45-96E1-BDD747D4ECDE}"
EndProject
Project("{FAE04EC0-301F-11D3-BF4B-00C04F79EFBC}") = "Loja.Resources", "Loja.Resources\Loja.Resources.csproj", "{EF1A55D0-F96D-4304-ACFE-A0AB6397D511}"
EndProject
Global
	GlobalSection(SolutionConfigurationPlatforms) = preSolution
		Debug|Any CPU = Debug|Any CPU
		Release|Any CPU = Release|Any CPU
	EndGlobalSection
	GlobalSection(ProjectConfigurationPlatforms) = postSolution
		{80AB29E4-F102-40AD-BFB3-0EFFB062538A}.Debug|Any CPU.ActiveCfg = Debug|Any CPU
		{80AB29E4-F102-40AD-BFB3-0EFFB062538A}.Debug|Any CPU.Build.0 = Debug|Any CPU
		{80AB29E4-F102-40AD-BFB3-0EFFB062538A}.Release|Any CPU.ActiveCfg = Release|Any CPU
		{80AB29E4-F102-40AD-BFB3-0EFFB062538A}.Release|Any CPU.Build.0 = Release|Any CPU
		{59753BA0-2768-4BA8-8598-D790E54FCD69}.Debug|Any CPU.ActiveCfg = Debug|Any CPU
		{59753BA0-2768-4BA8-8598-D790E54FCD69}.Debug|Any CPU.Build.0 = Debug|Any CPU
		{59753BA0-2768-4BA8-8598-D790E54FCD69}.Release|Any CPU.ActiveCfg = Release|Any CPU
		{59753BA0-2768-4BA8-8598-D790E54FCD69}.Release|Any CPU.Build.0 = Release|Any CPU
		{81CAD438-34DD-47CE-A5A7-375AEACA115A}.Debug|Any CPU.ActiveCfg = Debug|Any CPU
		{81CAD438-34DD-47CE-A5A7-375AEACA115A}.Debug|Any CPU.Build.0 = Debug|Any CPU
		{81CAD438-34DD-47CE-A5A7-375AEACA115A}.Release|Any CPU.ActiveCfg = Release|Any CPU
		{81CAD438-34DD-47CE-A5A7-375AEACA115A}.Release|Any CPU.Build.0 = Release|Any CPU
		{BD7946D5-6718-42AD-B7A2-35CBC43C3365}.Debug|Any CPU.ActiveCfg = Debug|Any CPU
		{BD7946D5-6718-42AD-B7A2-35CBC43C3365}.Debug|Any CPU.Build.0 = Debug|Any CPU
		{BD7946D5-6718-42AD-B7A2-35CBC43C3365}.Release|Any CPU.ActiveCfg = Release|Any CPU
		{BD7946D5-6718-42AD-B7A2-35CBC43C3365}.Release|Any CPU.Build.0 = Release|Any CPU
		{FE3C88BE-E2A7-46D9-9075-2B817A82CF5E}.Debug|Any CPU.ActiveCfg = Debug|Any CPU
		{FE3C88BE-E2A7-46D9-9075-2B817A82CF5E}.Debug|Any CPU.Build.0 = Debug|Any CPU
		{FE3C88BE-E2A7-46D9-9075-2B817A82CF5E}.Release|Any CPU.ActiveCfg = Release|Any CPU
		{FE3C88BE-E2A7-46D9-9075-2B817A82CF5E}.Release|Any CPU.Build.0 = Release|Any CPU
		{2B1EB55B-B9DF-4048-9CC4-63EC0C4BA16A}.Debug|Any CPU.ActiveCfg = Debug|Any CPU
		{2B1EB55B-B9DF-4048-9CC4-63EC0C4BA16A}.Debug|Any CPU.Build.0 = Debug|Any CPU
		{2B1EB55B-B9DF-4048-9CC4-63EC0C4BA16A}.Release|Any CPU.ActiveCfg = Release|Any CPU
		{2B1EB55B-B9DF-4048-9CC4-63EC0C4BA16A}.Release|Any CPU.Build.0 = Release|Any CPU
		{D8F1AB24-2F07-493A-8945-43BBB5D15FF6}.Debug|Any CPU.ActiveCfg = Debug|Any CPU
		{D8F1AB24-2F07-493A-8945-43BBB5D15FF6}.Debug|Any CPU.Build.0 = Debug|Any CPU
		{D8F1AB24-2F07-493A-8945-43BBB5D15FF6}.Release|Any CPU.ActiveCfg = Release|Any CPU
		{D8F1AB24-2F07-493A-8945-43BBB5D15FF6}.Release|Any CPU.Build.0 = Release|Any CPU
		{67395DF0-6307-417B-8F93-229659C5431E}.Debug|Any CPU.ActiveCfg = Debug|Any CPU
		{67395DF0-6307-417B-8F93-229659C5431E}.Debug|Any CPU.Build.0 = Debug|Any CPU
		{67395DF0-6307-417B-8F93-229659C5431E}.Release|Any CPU.ActiveCfg = Release|Any CPU
		{67395DF0-6307-417B-8F93-229659C5431E}.Release|Any CPU.Build.0 = Release|Any CPU
		{3FC03D9F-6CFD-4B1B-8AB7-E9E747AF048B}.Debug|Any CPU.ActiveCfg = Debug|Any CPU
		{3FC03D9F-6CFD-4B1B-8AB7-E9E747AF048B}.Debug|Any CPU.Build.0 = Debug|Any CPU
		{3FC03D9F-6CFD-4B1B-8AB7-E9E747AF048B}.Release|Any CPU.ActiveCfg = Release|Any CPU
		{3FC03D9F-6CFD-4B1B-8AB7-E9E747AF048B}.Release|Any CPU.Build.0 = Release|Any CPU
		{05976510-0B95-49FC-9FC3-F86ECFD3EC03}.Debug|Any CPU.ActiveCfg = Debug|Any CPU
		{05976510-0B95-49FC-9FC3-F86ECFD3EC03}.Debug|Any CPU.Build.0 = Debug|Any CPU
		{05976510-0B95-49FC-9FC3-F86ECFD3EC03}.Release|Any CPU.ActiveCfg = Release|Any CPU
		{05976510-0B95-49FC-9FC3-F86ECFD3EC03}.Release|Any CPU.Build.0 = Release|Any CPU
		{F885270A-1450-4A14-BC6D-ABA1CA15ECF7}.Debug|Any CPU.ActiveCfg = Debug|Any CPU
		{F885270A-1450-4A14-BC6D-ABA1CA15ECF7}.Debug|Any CPU.Build.0 = Debug|Any CPU
		{F885270A-1450-4A14-BC6D-ABA1CA15ECF7}.Debug|Any CPU.Deploy.0 = Debug|Any CPU
		{F885270A-1450-4A14-BC6D-ABA1CA15ECF7}.Release|Any CPU.ActiveCfg = Release|Any CPU
		{F885270A-1450-4A14-BC6D-ABA1CA15ECF7}.Release|Any CPU.Build.0 = Release|Any CPU
		{F885270A-1450-4A14-BC6D-ABA1CA15ECF7}.Release|Any CPU.Deploy.0 = Release|Any CPU
		{1F3FC372-A898-40CB-A8DC-37FD27D1F4EF}.Debug|Any CPU.ActiveCfg = Debug|Any CPU
		{1F3FC372-A898-40CB-A8DC-37FD27D1F4EF}.Debug|Any CPU.Build.0 = Debug|Any CPU
		{1F3FC372-A898-40CB-A8DC-37FD27D1F4EF}.Release|Any CPU.ActiveCfg = Release|Any CPU
		{1F3FC372-A898-40CB-A8DC-37FD27D1F4EF}.Release|Any CPU.Build.0 = Release|Any CPU
		{E1A4123C-EF39-40B7-9CE9-8B9FE7A57CFE}.Debug|Any CPU.ActiveCfg = Debug|Any CPU
		{E1A4123C-EF39-40B7-9CE9-8B9FE7A57CFE}.Debug|Any CPU.Build.0 = Debug|Any CPU
		{E1A4123C-EF39-40B7-9CE9-8B9FE7A57CFE}.Release|Any CPU.ActiveCfg = Release|Any CPU
		{E1A4123C-EF39-40B7-9CE9-8B9FE7A57CFE}.Release|Any CPU.Build.0 = Release|Any CPU
		{7E43E8B3-E8C4-43EA-80C0-6908EFE2A5A5}.Debug|Any CPU.ActiveCfg = Debug|Any CPU
		{7E43E8B3-E8C4-43EA-80C0-6908EFE2A5A5}.Debug|Any CPU.Build.0 = Debug|Any CPU
		{7E43E8B3-E8C4-43EA-80C0-6908EFE2A5A5}.Release|Any CPU.ActiveCfg = Release|Any CPU
		{7E43E8B3-E8C4-43EA-80C0-6908EFE2A5A5}.Release|Any CPU.Build.0 = Release|Any CPU
		{3414E885-27F6-4B88-8E59-821A397AFE84}.Debug|Any CPU.ActiveCfg = Debug|Any CPU
		{3414E885-27F6-4B88-8E59-821A397AFE84}.Debug|Any CPU.Build.0 = Debug|Any CPU
		{3414E885-27F6-4B88-8E59-821A397AFE84}.Release|Any CPU.ActiveCfg = Release|Any CPU
		{3414E885-27F6-4B88-8E59-821A397AFE84}.Release|Any CPU.Build.0 = Release|Any CPU
		{142DF226-6CAB-4885-985D-7CB4BD823E41}.Debug|Any CPU.ActiveCfg = Debug|Any CPU
		{142DF226-6CAB-4885-985D-7CB4BD823E41}.Debug|Any CPU.Build.0 = Debug|Any CPU
		{142DF226-6CAB-4885-985D-7CB4BD823E41}.Release|Any CPU.ActiveCfg = Release|Any CPU
		{142DF226-6CAB-4885-985D-7CB4BD823E41}.Release|Any CPU.Build.0 = Release|Any CPU
		{ACC874D6-30C9-447F-9740-23C2EA102B23}.Debug|Any CPU.ActiveCfg = Debug|Any CPU
		{ACC874D6-30C9-447F-9740-23C2EA102B23}.Debug|Any CPU.Build.0 = Debug|Any CPU
		{ACC874D6-30C9-447F-9740-23C2EA102B23}.Release|Any CPU.ActiveCfg = Release|Any CPU
		{ACC874D6-30C9-447F-9740-23C2EA102B23}.Release|Any CPU.Build.0 = Release|Any CPU
		{DEB1FDB3-63BF-4D9C-8FFE-BD340AEA2B94}.Debug|Any CPU.ActiveCfg = Debug|Any CPU
		{DEB1FDB3-63BF-4D9C-8FFE-BD340AEA2B94}.Debug|Any CPU.Build.0 = Debug|Any CPU
		{DEB1FDB3-63BF-4D9C-8FFE-BD340AEA2B94}.Release|Any CPU.ActiveCfg = Release|Any CPU
		{DEB1FDB3-63BF-4D9C-8FFE-BD340AEA2B94}.Release|Any CPU.Build.0 = Release|Any CPU
		{74DA2D57-323C-4A27-AC9F-CDAB44D42404}.Debug|Any CPU.ActiveCfg = Debug|Any CPU
		{74DA2D57-323C-4A27-AC9F-CDAB44D42404}.Debug|Any CPU.Build.0 = Debug|Any CPU
		{74DA2D57-323C-4A27-AC9F-CDAB44D42404}.Debug|Any CPU.Deploy.0 = Debug|Any CPU
		{74DA2D57-323C-4A27-AC9F-CDAB44D42404}.Release|Any CPU.ActiveCfg = Release|Any CPU
		{74DA2D57-323C-4A27-AC9F-CDAB44D42404}.Release|Any CPU.Build.0 = Release|Any CPU
		{74DA2D57-323C-4A27-AC9F-CDAB44D42404}.Release|Any CPU.Deploy.0 = Release|Any CPU
		{2B639852-AC1D-41E6-BA5B-0C3D3DB76020}.Debug|Any CPU.ActiveCfg = Debug|Any CPU
		{2B639852-AC1D-41E6-BA5B-0C3D3DB76020}.Debug|Any CPU.Build.0 = Debug|Any CPU
		{2B639852-AC1D-41E6-BA5B-0C3D3DB76020}.Release|Any CPU.ActiveCfg = Release|Any CPU
		{2B639852-AC1D-41E6-BA5B-0C3D3DB76020}.Release|Any CPU.Build.0 = Release|Any CPU
		{249E7CAC-5A7B-423B-9553-F74CF471E5F4}.Debug|Any CPU.ActiveCfg = Debug|Any CPU
		{249E7CAC-5A7B-423B-9553-F74CF471E5F4}.Debug|Any CPU.Build.0 = Debug|Any CPU
		{249E7CAC-5A7B-423B-9553-F74CF471E5F4}.Release|Any CPU.ActiveCfg = Release|Any CPU
		{249E7CAC-5A7B-423B-9553-F74CF471E5F4}.Release|Any CPU.Build.0 = Release|Any CPU
		{F09FE35F-531B-4874-8E80-BDCE61A2F766}.Debug|Any CPU.ActiveCfg = Debug|Any CPU
		{F09FE35F-531B-4874-8E80-BDCE61A2F766}.Debug|Any CPU.Build.0 = Debug|Any CPU
		{F09FE35F-531B-4874-8E80-BDCE61A2F766}.Release|Any CPU.ActiveCfg = Release|Any CPU
		{F09FE35F-531B-4874-8E80-BDCE61A2F766}.Release|Any CPU.Build.0 = Release|Any CPU
		{2A1B01C5-9028-41EB-81B1-626D60474FE8}.Debug|Any CPU.ActiveCfg = Debug|Any CPU
		{2A1B01C5-9028-41EB-81B1-626D60474FE8}.Debug|Any CPU.Build.0 = Debug|Any CPU
		{2A1B01C5-9028-41EB-81B1-626D60474FE8}.Release|Any CPU.ActiveCfg = Release|Any CPU
		{2A1B01C5-9028-41EB-81B1-626D60474FE8}.Release|Any CPU.Build.0 = Release|Any CPU
		{C3BE81A1-23D3-4BFA-95BE-9C9D9895F733}.Debug|Any CPU.ActiveCfg = Debug|Any CPU
		{C3BE81A1-23D3-4BFA-95BE-9C9D9895F733}.Debug|Any CPU.Build.0 = Debug|Any CPU
		{C3BE81A1-23D3-4BFA-95BE-9C9D9895F733}.Release|Any CPU.ActiveCfg = Release|Any CPU
		{C3BE81A1-23D3-4BFA-95BE-9C9D9895F733}.Release|Any CPU.Build.0 = Release|Any CPU
		{791F5DE0-6C16-43AB-8855-50604CAFEF4C}.Debug|Any CPU.ActiveCfg = Debug|Any CPU
		{791F5DE0-6C16-43AB-8855-50604CAFEF4C}.Debug|Any CPU.Build.0 = Debug|Any CPU
		{791F5DE0-6C16-43AB-8855-50604CAFEF4C}.Release|Any CPU.ActiveCfg = Release|Any CPU
		{791F5DE0-6C16-43AB-8855-50604CAFEF4C}.Release|Any CPU.Build.0 = Release|Any CPU
		{CE5B22AF-B265-45C8-8AB4-478088ACC32A}.Debug|Any CPU.ActiveCfg = Debug|Any CPU
		{CE5B22AF-B265-45C8-8AB4-478088ACC32A}.Debug|Any CPU.Build.0 = Debug|Any CPU
		{CE5B22AF-B265-45C8-8AB4-478088ACC32A}.Release|Any CPU.ActiveCfg = Release|Any CPU
		{CE5B22AF-B265-45C8-8AB4-478088ACC32A}.Release|Any CPU.Build.0 = Release|Any CPU
		{36C6B641-7B71-46A2-9951-4EDDDC699E29}.Debug|Any CPU.ActiveCfg = Debug|Any CPU
		{36C6B641-7B71-46A2-9951-4EDDDC699E29}.Debug|Any CPU.Build.0 = Debug|Any CPU
		{36C6B641-7B71-46A2-9951-4EDDDC699E29}.Release|Any CPU.ActiveCfg = Release|Any CPU
		{36C6B641-7B71-46A2-9951-4EDDDC699E29}.Release|Any CPU.Build.0 = Release|Any CPU
		{E48153E5-9B87-48D0-B4B9-985B1D6EB312}.Debug|Any CPU.ActiveCfg = Debug|Any CPU
		{E48153E5-9B87-48D0-B4B9-985B1D6EB312}.Debug|Any CPU.Build.0 = Debug|Any CPU
		{E48153E5-9B87-48D0-B4B9-985B1D6EB312}.Release|Any CPU.ActiveCfg = Release|Any CPU
		{E48153E5-9B87-48D0-B4B9-985B1D6EB312}.Release|Any CPU.Build.0 = Release|Any CPU
		{67C70BDB-03FD-46D6-A684-CFB7A6E0C98C}.Debug|Any CPU.ActiveCfg = Debug|Any CPU
		{67C70BDB-03FD-46D6-A684-CFB7A6E0C98C}.Debug|Any CPU.Build.0 = Debug|Any CPU
		{67C70BDB-03FD-46D6-A684-CFB7A6E0C98C}.Release|Any CPU.ActiveCfg = Release|Any CPU
		{67C70BDB-03FD-46D6-A684-CFB7A6E0C98C}.Release|Any CPU.Build.0 = Release|Any CPU
		{C1EF58BE-A175-4D45-96E1-BDD747D4ECDE}.Debug|Any CPU.ActiveCfg = Debug|Any CPU
		{C1EF58BE-A175-4D45-96E1-BDD747D4ECDE}.Debug|Any CPU.Build.0 = Debug|Any CPU
		{C1EF58BE-A175-4D45-96E1-BDD747D4ECDE}.Release|Any CPU.ActiveCfg = Release|Any CPU
		{C1EF58BE-A175-4D45-96E1-BDD747D4ECDE}.Release|Any CPU.Build.0 = Release|Any CPU
		{EF1A55D0-F96D-4304-ACFE-A0AB6397D511}.Debug|Any CPU.ActiveCfg = Debug|Any CPU
		{EF1A55D0-F96D-4304-ACFE-A0AB6397D511}.Debug|Any CPU.Build.0 = Debug|Any CPU
		{EF1A55D0-F96D-4304-ACFE-A0AB6397D511}.Release|Any CPU.ActiveCfg = Release|Any CPU
		{EF1A55D0-F96D-4304-ACFE-A0AB6397D511}.Release|Any CPU.Build.0 = Release|Any CPU
	EndGlobalSection
	GlobalSection(SolutionProperties) = preSolution
		HideSolutionNode = FALSE
	EndGlobalSection
	GlobalSection(NestedProjects) = preSolution
		{2B1EB55B-B9DF-4048-9CC4-63EC0C4BA16A} = {D7DA3A68-EDD4-4E1D-8945-F6A73A9E729A}
		{D8F1AB24-2F07-493A-8945-43BBB5D15FF6} = {D7DA3A68-EDD4-4E1D-8945-F6A73A9E729A}
		{67395DF0-6307-417B-8F93-229659C5431E} = {D7DA3A68-EDD4-4E1D-8945-F6A73A9E729A}
		{3FC03D9F-6CFD-4B1B-8AB7-E9E747AF048B} = {D7DA3A68-EDD4-4E1D-8945-F6A73A9E729A}
		{05976510-0B95-49FC-9FC3-F86ECFD3EC03} = {579B401D-6A84-477A-B85B-A9303304E874}
		{F885270A-1450-4A14-BC6D-ABA1CA15ECF7} = {579B401D-6A84-477A-B85B-A9303304E874}
		{1F3FC372-A898-40CB-A8DC-37FD27D1F4EF} = {B9302465-AEF1-48C8-9904-A1F117C1CF95}
		{E1A4123C-EF39-40B7-9CE9-8B9FE7A57CFE} = {B9302465-AEF1-48C8-9904-A1F117C1CF95}
		{7E43E8B3-E8C4-43EA-80C0-6908EFE2A5A5} = {B9302465-AEF1-48C8-9904-A1F117C1CF95}
		{3414E885-27F6-4B88-8E59-821A397AFE84} = {B9302465-AEF1-48C8-9904-A1F117C1CF95}
		{142DF226-6CAB-4885-985D-7CB4BD823E41} = {13E2D5B0-3679-4178-B432-7A2B2E2F0582}
		{ACC874D6-30C9-447F-9740-23C2EA102B23} = {13E2D5B0-3679-4178-B432-7A2B2E2F0582}
		{DEB1FDB3-63BF-4D9C-8FFE-BD340AEA2B94} = {13E2D5B0-3679-4178-B432-7A2B2E2F0582}
		{74DA2D57-323C-4A27-AC9F-CDAB44D42404} = {13E2D5B0-3679-4178-B432-7A2B2E2F0582}
		{2B639852-AC1D-41E6-BA5B-0C3D3DB76020} = {13E2D5B0-3679-4178-B432-7A2B2E2F0582}
		{F09FE35F-531B-4874-8E80-BDCE61A2F766} = {537C932C-AFD9-49BE-A9D1-04D08168D5CD}
		{2A1B01C5-9028-41EB-81B1-626D60474FE8} = {2E52B06A-62F8-45B2-9990-1FB9F1EAF0E5}
		{C3BE81A1-23D3-4BFA-95BE-9C9D9895F733} = {2E52B06A-62F8-45B2-9990-1FB9F1EAF0E5}
		{791F5DE0-6C16-43AB-8855-50604CAFEF4C} = {2E52B06A-62F8-45B2-9990-1FB9F1EAF0E5}
		{CE5B22AF-B265-45C8-8AB4-478088ACC32A} = {2E52B06A-62F8-45B2-9990-1FB9F1EAF0E5}
		{36C6B641-7B71-46A2-9951-4EDDDC699E29} = {537C932C-AFD9-49BE-A9D1-04D08168D5CD}
		{E48153E5-9B87-48D0-B4B9-985B1D6EB312} = {DD6F9948-C5A0-42A7-BD56-009E82FCBCF2}
		{67C70BDB-03FD-46D6-A684-CFB7A6E0C98C} = {DD6F9948-C5A0-42A7-BD56-009E82FCBCF2}
		{537C932C-AFD9-49BE-A9D1-04D08168D5CD} = {8B09AEE9-08A4-4B0C-89BC-2B04FA005671}
		{DD6F9948-C5A0-42A7-BD56-009E82FCBCF2} = {8B09AEE9-08A4-4B0C-89BC-2B04FA005671}
		{C1EF58BE-A175-4D45-96E1-BDD747D4ECDE} = {DD6F9948-C5A0-42A7-BD56-009E82FCBCF2}
		{EF1A55D0-F96D-4304-ACFE-A0AB6397D511} = {2E52B06A-62F8-45B2-9990-1FB9F1EAF0E5}
	EndGlobalSection
	GlobalSection(ExtensibilityGlobals) = postSolution
		SolutionGuid = {34C87731-9DD9-49A4-911C-AA311C3E117F}
	EndGlobalSection
EndGlobal
