
Microsoft Visual Studio Solution File, Format Version 12.00
# Visual Studio 15
VisualStudioVersion = 15.0.27703.2047
MinimumVisualStudioVersion = 10.0.40219.1
Project("{FAE04EC0-301F-11D3-BF4B-00C04F79EFBC}") = "AspNetVS2017.Capitulo1.Variaveis", "AspNetVS2017.Capitulo1.Variaveis\AspNetVS2017.Capitulo1.Variaveis.csproj", "{016885DA-4B20-4D6E-A3C9-4E98EC1C91DC}"
EndProject
Project("{FAE04EC0-301F-11D3-BF4B-00C04F79EFBC}") = "AspNetVS2017.Capitulo1.Troco", "AspNetVS2017.Capitulo1.Troco\AspNetVS2017.Capitulo1.Troco.csproj", "{9FE7F8EC-27F2-4D96-9A49-B6F40ABB74AB}"
EndProject
Project("{FAE04EC0-301F-11D3-BF4B-00C04F79EFBC}") = "AspNetVS2017.Capitulo01.Frete", "AspNetVS2017.Capitulo01.Frete\AspNetVS2017.Capitulo01.Frete.csproj", "{EE7E4953-6E51-46AD-A290-3EA868E7D9DB}"
EndProject
Project("{FAE04EC0-301F-11D3-BF4B-00C04F79EFBC}") = "AspNetVS2017.Capitulo01.Repeticao.Testes", "AspNetVS2017.Capitulo01.Repeticao.Testes\AspNetVS2017.Capitulo01.Repeticao.Testes.csproj", "{E640A9B9-F3BA-4D38-AD45-6808C3B3511A}"
EndProject
Project("{FAE04EC0-301F-11D3-BF4B-00C04F79EFBC}") = "AspNetVS2017.Capituo01.VetoresColecoes.Testes", "AspNetVS2017.Capituo01.VetoresColecoes.Testes\AspNetVS2017.Capituo01.VetoresColecoes.Testes.csproj", "{5F01DCB7-066F-4A44-ABE4-683C3A155319}"
EndProject
Project("{2150E333-8FDC-42A3-9474-1A3956D46DE8}") = "Oficina", "Oficina", "{A5463893-BA9F-4FE9-8040-FBE947A73BAC}"
EndProject
Project("{FAE04EC0-301F-11D3-BF4B-00C04F79EFBC}") = "Oficina.Dominio", "Oficina.Dominio\Oficina.Dominio.csproj", "{D1609DBA-19AA-4787-BB61-1622B7D22834}"
EndProject
Project("{FAE04EC0-301F-11D3-BF4B-00C04F79EFBC}") = "Oficina.Repositorios.SistemaArquivos", "Oficina.Repositorios.SistemaArquivos\Oficina.Repositorios.SistemaArquivos.csproj", "{DBCA6A4A-C48F-45C5-8A8E-A8F3EED1D51D}"
EndProject
Project("{FAE04EC0-301F-11D3-BF4B-00C04F79EFBC}") = "Oficina.Repositorios.SistemaArquivosTests", "Oficina.Repositorios.SistemaArquivosTests\Oficina.Repositorios.SistemaArquivosTests.csproj", "{753DB05E-A9D0-4CA4-A7A1-DA37BAD3B49B}"
EndProject
Project("{FAE04EC0-301F-11D3-BF4B-00C04F79EFBC}") = "Oficina.WebPages", "Oficina.WebPages\Oficina.WebPages.csproj", "{FB3F1816-D0AA-45AC-9394-3A84781FA7D3}"
EndProject
Project("{FAE04EC0-301F-11D3-BF4B-00C04F79EFBC}") = "AspNetVS2017.Capituo03.Portifolio", "AspNetVS2017.Capituo03.Portifolio\AspNetVS2017.Capituo03.Portifolio.csproj", "{D2DF66EE-8CA5-4D54-A6B2-260D9F1E1F0C}"
EndProject
Project("{2150E333-8FDC-42A3-9474-1A3956D46DE8}") = "Portfolio", "Portfolio", "{68DDFAAE-84B9-4F4A-A5E0-49A0C0A58D65}"
EndProject
Project("{00D1A9C2-B5F0-4AF3-8072-F6C62B433612}") = "Portfolio.Database", "Portfolio.Database\Portfolio.Database.sqlproj", "{A6E38AF8-908B-409A-ABB3-A11603A3B694}"
EndProject
Project("{2150E333-8FDC-42A3-9474-1A3956D46DE8}") = "ViagensOnline", "ViagensOnline", "{B8244B7D-3381-4AA0-9562-A8DEDD6FC269}"
EndProject
Project("{FAE04EC0-301F-11D3-BF4B-00C04F79EFBC}") = "ViagensOnLine.Dominio", "ViagensOnLine.Dominio\ViagensOnLine.Dominio.csproj", "{D8C973CB-2E02-42F5-81DB-7FBDA5EF8DB1}"
EndProject
Project("{FAE04EC0-301F-11D3-BF4B-00C04F79EFBC}") = "ViagensOnLine.Respositorios.SqlServer", "ViagensOnLine.Respositorios.SqlServer\ViagensOnLine.Respositorios.SqlServer.csproj", "{25CEF8B0-A1A9-4BAB-B346-B3904359765B}"
EndProject
Project("{FAE04EC0-301F-11D3-BF4B-00C04F79EFBC}") = "ViagensOnLine.Respositorios.SqlServerTests", "ViagensOnLine.Respositorios.SqlServerTests\ViagensOnLine.Respositorios.SqlServerTests.csproj", "{0D168C00-4416-482E-9680-4AB97A1A19FE}"
EndProject
Project("{FAE04EC0-301F-11D3-BF4B-00C04F79EFBC}") = "ViagensOnLine.Mvc", "ViagensOnLine.Mvc\ViagensOnLine.Mvc.csproj", "{DF84B87D-C199-4F08-B64B-D011DC973C40}"
EndProject
Project("{2150E333-8FDC-42A3-9474-1A3956D46DE8}") = "Pessoal", "Pessoal", "{9ADE0E0D-EC1E-49CF-8E86-980FB3017487}"
EndProject
Project("{FAE04EC0-301F-11D3-BF4B-00C04F79EFBC}") = "Pessoal.Dominio", "Pessoal.Dominio\Pessoal.Dominio.csproj", "{93759A1D-4DC0-4EB7-8F5C-53F5869AE769}"
EndProject
Project("{FAE04EC0-301F-11D3-BF4B-00C04F79EFBC}") = "Pessoal.Dominio.SqlServer", "Pessoal.Dominio.SqlServer\Pessoal.Dominio.SqlServer.csproj", "{9589BAFD-3E2F-465A-95A0-333E5103064C}"
EndProject
Project("{FAE04EC0-301F-11D3-BF4B-00C04F79EFBC}") = "Pessoal.Dominio.SqlServerTests", "Pessoal.Dominio.SqlServerTests\Pessoal.Dominio.SqlServerTests.csproj", "{28051824-3CAA-4460-8F4A-A5192D45D961}"
EndProject
Global
	GlobalSection(SolutionConfigurationPlatforms) = preSolution
		Debug|Any CPU = Debug|Any CPU
		Release|Any CPU = Release|Any CPU
	EndGlobalSection
	GlobalSection(ProjectConfigurationPlatforms) = postSolution
		{016885DA-4B20-4D6E-A3C9-4E98EC1C91DC}.Debug|Any CPU.ActiveCfg = Debug|Any CPU
		{016885DA-4B20-4D6E-A3C9-4E98EC1C91DC}.Debug|Any CPU.Build.0 = Debug|Any CPU
		{016885DA-4B20-4D6E-A3C9-4E98EC1C91DC}.Release|Any CPU.ActiveCfg = Release|Any CPU
		{016885DA-4B20-4D6E-A3C9-4E98EC1C91DC}.Release|Any CPU.Build.0 = Release|Any CPU
		{9FE7F8EC-27F2-4D96-9A49-B6F40ABB74AB}.Debug|Any CPU.ActiveCfg = Debug|Any CPU
		{9FE7F8EC-27F2-4D96-9A49-B6F40ABB74AB}.Debug|Any CPU.Build.0 = Debug|Any CPU
		{9FE7F8EC-27F2-4D96-9A49-B6F40ABB74AB}.Release|Any CPU.ActiveCfg = Release|Any CPU
		{9FE7F8EC-27F2-4D96-9A49-B6F40ABB74AB}.Release|Any CPU.Build.0 = Release|Any CPU
		{EE7E4953-6E51-46AD-A290-3EA868E7D9DB}.Debug|Any CPU.ActiveCfg = Debug|Any CPU
		{EE7E4953-6E51-46AD-A290-3EA868E7D9DB}.Debug|Any CPU.Build.0 = Debug|Any CPU
		{EE7E4953-6E51-46AD-A290-3EA868E7D9DB}.Release|Any CPU.ActiveCfg = Release|Any CPU
		{EE7E4953-6E51-46AD-A290-3EA868E7D9DB}.Release|Any CPU.Build.0 = Release|Any CPU
		{E640A9B9-F3BA-4D38-AD45-6808C3B3511A}.Debug|Any CPU.ActiveCfg = Debug|Any CPU
		{E640A9B9-F3BA-4D38-AD45-6808C3B3511A}.Debug|Any CPU.Build.0 = Debug|Any CPU
		{E640A9B9-F3BA-4D38-AD45-6808C3B3511A}.Release|Any CPU.ActiveCfg = Release|Any CPU
		{E640A9B9-F3BA-4D38-AD45-6808C3B3511A}.Release|Any CPU.Build.0 = Release|Any CPU
		{5F01DCB7-066F-4A44-ABE4-683C3A155319}.Debug|Any CPU.ActiveCfg = Debug|Any CPU
		{5F01DCB7-066F-4A44-ABE4-683C3A155319}.Debug|Any CPU.Build.0 = Debug|Any CPU
		{5F01DCB7-066F-4A44-ABE4-683C3A155319}.Release|Any CPU.ActiveCfg = Release|Any CPU
		{5F01DCB7-066F-4A44-ABE4-683C3A155319}.Release|Any CPU.Build.0 = Release|Any CPU
		{D1609DBA-19AA-4787-BB61-1622B7D22834}.Debug|Any CPU.ActiveCfg = Debug|Any CPU
		{D1609DBA-19AA-4787-BB61-1622B7D22834}.Debug|Any CPU.Build.0 = Debug|Any CPU
		{D1609DBA-19AA-4787-BB61-1622B7D22834}.Release|Any CPU.ActiveCfg = Release|Any CPU
		{D1609DBA-19AA-4787-BB61-1622B7D22834}.Release|Any CPU.Build.0 = Release|Any CPU
		{DBCA6A4A-C48F-45C5-8A8E-A8F3EED1D51D}.Debug|Any CPU.ActiveCfg = Debug|Any CPU
		{DBCA6A4A-C48F-45C5-8A8E-A8F3EED1D51D}.Debug|Any CPU.Build.0 = Debug|Any CPU
		{DBCA6A4A-C48F-45C5-8A8E-A8F3EED1D51D}.Release|Any CPU.ActiveCfg = Release|Any CPU
		{DBCA6A4A-C48F-45C5-8A8E-A8F3EED1D51D}.Release|Any CPU.Build.0 = Release|Any CPU
		{753DB05E-A9D0-4CA4-A7A1-DA37BAD3B49B}.Debug|Any CPU.ActiveCfg = Debug|Any CPU
		{753DB05E-A9D0-4CA4-A7A1-DA37BAD3B49B}.Debug|Any CPU.Build.0 = Debug|Any CPU
		{753DB05E-A9D0-4CA4-A7A1-DA37BAD3B49B}.Release|Any CPU.ActiveCfg = Release|Any CPU
		{753DB05E-A9D0-4CA4-A7A1-DA37BAD3B49B}.Release|Any CPU.Build.0 = Release|Any CPU
		{FB3F1816-D0AA-45AC-9394-3A84781FA7D3}.Debug|Any CPU.ActiveCfg = Debug|Any CPU
		{FB3F1816-D0AA-45AC-9394-3A84781FA7D3}.Debug|Any CPU.Build.0 = Debug|Any CPU
		{FB3F1816-D0AA-45AC-9394-3A84781FA7D3}.Release|Any CPU.ActiveCfg = Release|Any CPU
		{FB3F1816-D0AA-45AC-9394-3A84781FA7D3}.Release|Any CPU.Build.0 = Release|Any CPU
		{D2DF66EE-8CA5-4D54-A6B2-260D9F1E1F0C}.Debug|Any CPU.ActiveCfg = Debug|Any CPU
		{D2DF66EE-8CA5-4D54-A6B2-260D9F1E1F0C}.Debug|Any CPU.Build.0 = Debug|Any CPU
		{D2DF66EE-8CA5-4D54-A6B2-260D9F1E1F0C}.Release|Any CPU.ActiveCfg = Release|Any CPU
		{D2DF66EE-8CA5-4D54-A6B2-260D9F1E1F0C}.Release|Any CPU.Build.0 = Release|Any CPU
		{A6E38AF8-908B-409A-ABB3-A11603A3B694}.Debug|Any CPU.ActiveCfg = Debug|Any CPU
		{A6E38AF8-908B-409A-ABB3-A11603A3B694}.Debug|Any CPU.Build.0 = Debug|Any CPU
		{A6E38AF8-908B-409A-ABB3-A11603A3B694}.Debug|Any CPU.Deploy.0 = Debug|Any CPU
		{A6E38AF8-908B-409A-ABB3-A11603A3B694}.Release|Any CPU.ActiveCfg = Release|Any CPU
		{A6E38AF8-908B-409A-ABB3-A11603A3B694}.Release|Any CPU.Build.0 = Release|Any CPU
		{A6E38AF8-908B-409A-ABB3-A11603A3B694}.Release|Any CPU.Deploy.0 = Release|Any CPU
		{D8C973CB-2E02-42F5-81DB-7FBDA5EF8DB1}.Debug|Any CPU.ActiveCfg = Debug|Any CPU
		{D8C973CB-2E02-42F5-81DB-7FBDA5EF8DB1}.Debug|Any CPU.Build.0 = Debug|Any CPU
		{D8C973CB-2E02-42F5-81DB-7FBDA5EF8DB1}.Release|Any CPU.ActiveCfg = Release|Any CPU
		{D8C973CB-2E02-42F5-81DB-7FBDA5EF8DB1}.Release|Any CPU.Build.0 = Release|Any CPU
		{25CEF8B0-A1A9-4BAB-B346-B3904359765B}.Debug|Any CPU.ActiveCfg = Debug|Any CPU
		{25CEF8B0-A1A9-4BAB-B346-B3904359765B}.Debug|Any CPU.Build.0 = Debug|Any CPU
		{25CEF8B0-A1A9-4BAB-B346-B3904359765B}.Release|Any CPU.ActiveCfg = Release|Any CPU
		{25CEF8B0-A1A9-4BAB-B346-B3904359765B}.Release|Any CPU.Build.0 = Release|Any CPU
		{0D168C00-4416-482E-9680-4AB97A1A19FE}.Debug|Any CPU.ActiveCfg = Debug|Any CPU
		{0D168C00-4416-482E-9680-4AB97A1A19FE}.Debug|Any CPU.Build.0 = Debug|Any CPU
		{0D168C00-4416-482E-9680-4AB97A1A19FE}.Release|Any CPU.ActiveCfg = Release|Any CPU
		{0D168C00-4416-482E-9680-4AB97A1A19FE}.Release|Any CPU.Build.0 = Release|Any CPU
		{DF84B87D-C199-4F08-B64B-D011DC973C40}.Debug|Any CPU.ActiveCfg = Debug|Any CPU
		{DF84B87D-C199-4F08-B64B-D011DC973C40}.Debug|Any CPU.Build.0 = Debug|Any CPU
		{DF84B87D-C199-4F08-B64B-D011DC973C40}.Release|Any CPU.ActiveCfg = Release|Any CPU
		{DF84B87D-C199-4F08-B64B-D011DC973C40}.Release|Any CPU.Build.0 = Release|Any CPU
		{93759A1D-4DC0-4EB7-8F5C-53F5869AE769}.Debug|Any CPU.ActiveCfg = Debug|Any CPU
		{93759A1D-4DC0-4EB7-8F5C-53F5869AE769}.Debug|Any CPU.Build.0 = Debug|Any CPU
		{93759A1D-4DC0-4EB7-8F5C-53F5869AE769}.Release|Any CPU.ActiveCfg = Release|Any CPU
		{93759A1D-4DC0-4EB7-8F5C-53F5869AE769}.Release|Any CPU.Build.0 = Release|Any CPU
		{9589BAFD-3E2F-465A-95A0-333E5103064C}.Debug|Any CPU.ActiveCfg = Debug|Any CPU
		{9589BAFD-3E2F-465A-95A0-333E5103064C}.Debug|Any CPU.Build.0 = Debug|Any CPU
		{9589BAFD-3E2F-465A-95A0-333E5103064C}.Release|Any CPU.ActiveCfg = Release|Any CPU
		{9589BAFD-3E2F-465A-95A0-333E5103064C}.Release|Any CPU.Build.0 = Release|Any CPU
		{28051824-3CAA-4460-8F4A-A5192D45D961}.Debug|Any CPU.ActiveCfg = Debug|Any CPU
		{28051824-3CAA-4460-8F4A-A5192D45D961}.Debug|Any CPU.Build.0 = Debug|Any CPU
		{28051824-3CAA-4460-8F4A-A5192D45D961}.Release|Any CPU.ActiveCfg = Release|Any CPU
		{28051824-3CAA-4460-8F4A-A5192D45D961}.Release|Any CPU.Build.0 = Release|Any CPU
	EndGlobalSection
	GlobalSection(SolutionProperties) = preSolution
		HideSolutionNode = FALSE
	EndGlobalSection
	GlobalSection(NestedProjects) = preSolution
		{D1609DBA-19AA-4787-BB61-1622B7D22834} = {A5463893-BA9F-4FE9-8040-FBE947A73BAC}
		{DBCA6A4A-C48F-45C5-8A8E-A8F3EED1D51D} = {A5463893-BA9F-4FE9-8040-FBE947A73BAC}
		{753DB05E-A9D0-4CA4-A7A1-DA37BAD3B49B} = {A5463893-BA9F-4FE9-8040-FBE947A73BAC}
		{FB3F1816-D0AA-45AC-9394-3A84781FA7D3} = {A5463893-BA9F-4FE9-8040-FBE947A73BAC}
		{D2DF66EE-8CA5-4D54-A6B2-260D9F1E1F0C} = {68DDFAAE-84B9-4F4A-A5E0-49A0C0A58D65}
		{A6E38AF8-908B-409A-ABB3-A11603A3B694} = {68DDFAAE-84B9-4F4A-A5E0-49A0C0A58D65}
		{D8C973CB-2E02-42F5-81DB-7FBDA5EF8DB1} = {B8244B7D-3381-4AA0-9562-A8DEDD6FC269}
		{25CEF8B0-A1A9-4BAB-B346-B3904359765B} = {B8244B7D-3381-4AA0-9562-A8DEDD6FC269}
		{0D168C00-4416-482E-9680-4AB97A1A19FE} = {B8244B7D-3381-4AA0-9562-A8DEDD6FC269}
		{DF84B87D-C199-4F08-B64B-D011DC973C40} = {B8244B7D-3381-4AA0-9562-A8DEDD6FC269}
		{93759A1D-4DC0-4EB7-8F5C-53F5869AE769} = {9ADE0E0D-EC1E-49CF-8E86-980FB3017487}
		{9589BAFD-3E2F-465A-95A0-333E5103064C} = {9ADE0E0D-EC1E-49CF-8E86-980FB3017487}
		{28051824-3CAA-4460-8F4A-A5192D45D961} = {9ADE0E0D-EC1E-49CF-8E86-980FB3017487}
	EndGlobalSection
	GlobalSection(ExtensibilityGlobals) = postSolution
		SolutionGuid = {82120278-E5F3-4270-86C8-DA7443EF5B09}
	EndGlobalSection
EndGlobal
